{
  "version": 4,
  "terraform_version": "0.12.19",
  "serial": 2,
  "lineage": "334dc80e-554f-bbc2-86b5-e866a2568179",
  "outputs": {
    "sg_id": {
      "value": "sg-0b9f38a7eb227343c",
      "type": "string"
    },
    "sg_name": {
      "value": "ssh_allow_all",
      "type": "string"
    }
  },
  "resources": [
    {
      "module": "module.sg_general",
      "mode": "managed",
      "type": "aws_security_group",
      "name": "sg1",
      "provider": "module.sg_general.provider.aws",
      "instances": [
        {
          "schema_version": 1,
          "attributes": {
            "arn": "arn:aws:ec2:ap-south-1:074690530934:security-group/sg-0b9f38a7eb227343c",
            "description": "to connect remotely",
            "egress": [],
            "id": "sg-0b9f38a7eb227343c",
            "ingress": [
              {
                "cidr_blocks": [
                  "0.0.0.0/0"
                ],
                "description": "",
                "from_port": 22,
                "ipv6_cidr_blocks": [],
                "prefix_list_ids": [],
                "protocol": "tcp",
                "security_groups": [],
                "self": false,
                "to_port": 22
              }
            ],
            "name": "ssh_allow_all",
            "name_prefix": null,
            "owner_id": "074690530934",
            "revoke_rules_on_delete": false,
            "tags": {
              "Name": "ssh_allow_all"
            },
            "timeouts": null,
            "vpc_id": "vpc-9b9c92f3"
          },
          "private": "eyJlMmJmYjczMC1lY2FhLTExZTYtOGY4OC0zNDM2M2JjN2M0YzAiOnsiY3JlYXRlIjo2MDAwMDAwMDAwMDAsImRlbGV0ZSI6NjAwMDAwMDAwMDAwfSwic2NoZW1hX3ZlcnNpb24iOiIxIn0="
        }
      ]
    }
  ]
}
