{
  "version": 4,
  "terraform_version": "0.12.19",
  "serial": 2,
  "lineage": "80d69ca2-1524-d2b4-042d-67e748f290f8",
  "outputs": {
    "web_sg_id": {
      "value": "sg-0868fd1611d1deb18",
      "type": "string"
    },
    "web_sg_name": {
      "value": "sg_web",
      "type": "string"
    }
  },
  "resources": [
    {
      "module": "module.sg_general",
      "mode": "managed",
      "type": "aws_security_group",
      "name": "sg1",
      "provider": "module.sg_general.provider.aws",
      "instances": [
        {
          "schema_version": 1,
          "attributes": {
            "arn": "arn:aws:ec2:ap-south-1:074690530934:security-group/sg-0868fd1611d1deb18",
            "description": "to connect website",
            "egress": [],
            "id": "sg-0868fd1611d1deb18",
            "ingress": [
              {
                "cidr_blocks": [
                  "0.0.0.0/0"
                ],
                "description": "",
                "from_port": 8085,
                "ipv6_cidr_blocks": [],
                "prefix_list_ids": [],
                "protocol": "tcp",
                "security_groups": [],
                "self": false,
                "to_port": 8085
              }
            ],
            "name": "sg_web",
            "name_prefix": null,
            "owner_id": "074690530934",
            "revoke_rules_on_delete": false,
            "tags": {
              "Name": "sg_web"
            },
            "timeouts": null,
            "vpc_id": "vpc-034f2f785a6fd16b1"
          },
          "private": "eyJlMmJmYjczMC1lY2FhLTExZTYtOGY4OC0zNDM2M2JjN2M0YzAiOnsiY3JlYXRlIjo2MDAwMDAwMDAwMDAsImRlbGV0ZSI6NjAwMDAwMDAwMDAwfSwic2NoZW1hX3ZlcnNpb24iOiIxIn0="
        }
      ]
    }
  ]
}
